
Microsoft Visual Studio Solution File, Format Version 12.00
# Visual Studio Version 16
VisualStudioVersion = 16.0.32126.315
MinimumVisualStudioVersion = 10.0.40219.1
Project("{FAE04EC0-301F-11D3-BF4B-00C04F79EFBC}") = "CourseWork", "CourseWork.csproj", "{3A5A81A0-079A-4159-B43D-1AB5F8A5528B}"
	ProjectSection(ProjectDependencies) = postProject
		{62964D00-0794-46D5-8CC2-FA1CDC649035} = {62964D00-0794-46D5-8CC2-FA1CDC649035}
	EndProjectSection
EndProject
Project("{FAE04EC0-301F-11D3-BF4B-00C04F79EFBC}") = "ShopNet", "..\ShopNet\ShopNet.csproj", "{62964D00-0794-46D5-8CC2-FA1CDC649035}"
EndProject
Global
	GlobalSection(SolutionConfigurationPlatforms) = preSolution
		Debug|Any CPU = Debug|Any CPU
		Release|Any CPU = Release|Any CPU
	EndGlobalSection
	GlobalSection(ProjectConfigurationPlatforms) = postSolution
		{3A5A81A0-079A-4159-B43D-1AB5F8A5528B}.Debug|Any CPU.ActiveCfg = Debug|Any CPU
		{3A5A81A0-079A-4159-B43D-1AB5F8A5528B}.Debug|Any CPU.Build.0 = Debug|Any CPU
		{3A5A81A0-079A-4159-B43D-1AB5F8A5528B}.Release|Any CPU.ActiveCfg = Release|Any CPU
		{3A5A81A0-079A-4159-B43D-1AB5F8A5528B}.Release|Any CPU.Build.0 = Release|Any CPU
		{62964D00-0794-46D5-8CC2-FA1CDC649035}.Debug|Any CPU.ActiveCfg = Debug|Any CPU
		{62964D00-0794-46D5-8CC2-FA1CDC649035}.Debug|Any CPU.Build.0 = Debug|Any CPU
		{62964D00-0794-46D5-8CC2-FA1CDC649035}.Release|Any CPU.ActiveCfg = Release|Any CPU
		{62964D00-0794-46D5-8CC2-FA1CDC649035}.Release|Any CPU.Build.0 = Release|Any CPU
	EndGlobalSection
	GlobalSection(SolutionProperties) = preSolution
		HideSolutionNode = FALSE
	EndGlobalSection
	GlobalSection(ExtensibilityGlobals) = postSolution
		SolutionGuid = {2EF9EFE6-6F14-4D26-861B-716F28AA1F95}
	EndGlobalSection
EndGlobal
